{
  "name": "mwc-time-picker",
  "version": "1.0.0",
  "lockfileVersion": 1,
  "requires": true,
  "dependencies": {
    "@material/animation": {
      "version": "0.40.1",
      "resolved": "https://registry.npmjs.org/@material/animation/-/animation-0.40.1.tgz",
      "integrity": "sha512-HtxFUw04EHg4S6pXfTA3Z0wKxnNDNcDhe1Np2Y2geo+lAk2Hb7m8yCL/GaL9o2I/eRYsgUXC0U7+Mk74GCz3zw=="
    },
    "@material/base": {
      "version": "0.40.1",
      "resolved": "https://registry.npmjs.org/@material/base/-/base-0.40.1.tgz",
      "integrity": "sha512-vrbOK8hONVCYgURQ9h7nkXvMdYnZVVNmAfFFijF8fbWQdwnoPcNTdqV6RoQlhBEqHYHQqLNfdUDlznAPKLclGQ=="
    },
    "@material/button": {
      "version": "0.40.1",
      "resolved": "https://registry.npmjs.org/@material/button/-/button-0.40.1.tgz",
      "integrity": "sha512-xLNjq9zySnpZAP4UynyeXnnlLXf3iIA/6ilecwgF4d2ooUmNXcRdlRa8wGYT36JHsCfsP3AeZOjoTZUcmaiejw==",
      "requires": {
        "@material/elevation": "^0.40.1",
        "@material/ripple": "^0.40.1",
        "@material/rtl": "^0.40.1",
        "@material/shape": "^0.40.1",
        "@material/theme": "^0.40.1",
        "@material/typography": "^0.40.1"
      }
    },
    "@material/elevation": {
      "version": "0.40.1",
      "resolved": "https://registry.npmjs.org/@material/elevation/-/elevation-0.40.1.tgz",
      "integrity": "sha512-VD9ii90WzI+t4df08A9hQIsYLH/N+85a2Mqo10CNVZLZYW5fDOwFH/h7553aNoAuSHKPcGCLdyav9J9oC6TSaQ==",
      "requires": {
        "@material/animation": "^0.40.1",
        "@material/theme": "^0.40.1"
      }
    },
    "@material/mwc-base": {
      "version": "0.3.1",
      "resolved": "https://registry.npmjs.org/@material/mwc-base/-/mwc-base-0.3.1.tgz",
      "integrity": "sha512-7AdcBu6rxARcUteEBNSJKCen3hP47T/NRsfw+RMn6IedHlEGp2GKwF6YqYDCVSsQbm0IjsJ4ft4+nVXlFVYO2g==",
      "requires": {
        "@polymer/lit-element": "^0.6.2",
        "lit-html": "^0.12.0"
      }
    },
    "@material/mwc-button": {
      "version": "0.3.1",
      "resolved": "https://registry.npmjs.org/@material/mwc-button/-/mwc-button-0.3.1.tgz",
      "integrity": "sha512-gj2GV5uUWEHkiNyyTbCtyEcwAc1xd1nna7ckOlfhSGrKP4q5E2lIQ9Uw/qN2l+nO4K7+dAGBxIHr0sFwFyzWDQ==",
      "requires": {
        "@material/button": "^0.40.0",
        "@material/mwc-base": "^0.3.1",
        "@material/mwc-icon": "^0.3.1",
        "@material/mwc-ripple": "^0.3.1",
        "@polymer/lit-element": "^0.6.2",
        "lit-html": "^0.12.0"
      }
    },
    "@material/mwc-icon": {
      "version": "0.3.1",
      "resolved": "https://registry.npmjs.org/@material/mwc-icon/-/mwc-icon-0.3.1.tgz",
      "integrity": "sha512-T6x8yR6+L39wkHDiHEfqTv312jqR56Ksq5yLZf4sM5dnEztefS9Xv0E/cb+rrRSqwB9bKdPel/NJDyfReFxgUw==",
      "requires": {
        "@material/mwc-base": "^0.3.1",
        "@polymer/lit-element": "^0.6.2"
      }
    },
    "@material/mwc-ripple": {
      "version": "0.3.1",
      "resolved": "https://registry.npmjs.org/@material/mwc-ripple/-/mwc-ripple-0.3.1.tgz",
      "integrity": "sha512-pOdBkP6NJyGz9UftvKjrx8sXvz+yIXMC8q6Qx/LgGw67tgU4qM/1Hy22iePiw1UFNhlqD8ZwtdPLXKVaisGauQ==",
      "requires": {
        "@material/mwc-base": "^0.3.1",
        "@material/ripple": "^0.40.0",
        "@polymer/lit-element": "^0.6.2",
        "lit-html": "^0.12.0"
      }
    },
    "@material/ripple": {
      "version": "0.40.1",
      "resolved": "https://registry.npmjs.org/@material/ripple/-/ripple-0.40.1.tgz",
      "integrity": "sha512-sndeTS4VHa0v1UGj7MNcxMCuO9LJ1DjoL1EjE6BH3Lm3M1MnXJHdsBo2CgPbU/FI84tt6+eyHGOYPdPrEDJhCA==",
      "requires": {
        "@material/animation": "^0.40.1",
        "@material/base": "^0.40.1",
        "@material/theme": "^0.40.1"
      }
    },
    "@material/rtl": {
      "version": "0.40.1",
      "resolved": "https://registry.npmjs.org/@material/rtl/-/rtl-0.40.1.tgz",
      "integrity": "sha512-Pk6Iw1/KrhWZoZtkDsPMDUW0bm7Z1zeXb3MTQRCFmjf1wU5cRxgOTtuoZLcJqlcKGppLAzJL/TJV3E7KEiuL0A=="
    },
    "@material/shape": {
      "version": "0.40.1",
      "resolved": "https://registry.npmjs.org/@material/shape/-/shape-0.40.1.tgz",
      "integrity": "sha512-o1pw5+s/jWqsKbUAkCCaEcB8XLqJ4FlZhYfSvxZ88WRw9zoWOt9iQMMP82wLWhUX1DSzpNRI8BAD7aNLK6yRlA=="
    },
    "@material/theme": {
      "version": "0.40.1",
      "resolved": "https://registry.npmjs.org/@material/theme/-/theme-0.40.1.tgz",
      "integrity": "sha512-cH1CsGIDisEQ2oroZhLTypV0Ir00x3WIwFXnPo7qv3832tuIDkZY623U3rUax6KNPz4Hh1j0tNpTwgrNZwvwWA=="
    },
    "@material/typography": {
      "version": "0.40.1",
      "resolved": "https://registry.npmjs.org/@material/typography/-/typography-0.40.1.tgz",
      "integrity": "sha512-LkW2tAsId8zGKxGA5VIFXV/D1h4vCHQIuALRMaDpHbNGffgr2ubtJNvCh2EQkm19MTv4igVLEjn1Svh0dXcTpA=="
    },
    "@polymer/lit-element": {
      "version": "0.6.2",
      "resolved": "https://registry.npmjs.org/@polymer/lit-element/-/lit-element-0.6.2.tgz",
      "integrity": "sha512-4NWvK6SyAyyeW1mQ24ZVR+rtqZNHZ2JWnVTsPF/1iXnmmPwnpLs8mz0HRqz5adyoyt96ed/y2dsDwGBktJYyew==",
      "requires": {
        "lit-html": "^0.12.0"
      }
    },
    "lit-html": {
      "version": "0.12.0",
      "resolved": "https://registry.npmjs.org/lit-html/-/lit-html-0.12.0.tgz",
      "integrity": "sha512-NyFgq8yTlGEjUFQOmNnK/kj+ZdDVJzTwsLunNSewGiOns7SjuJi6ymCCqzZZ81uW2VwEmliMbOlFZc9QmOJPLA=="
    }
  }
}
